
Microsoft Visual Studio Solution File, Format Version 12.00
# Visual Studio Version 17
VisualStudioVersion = 17.4.33213.308
MinimumVisualStudioVersion = 10.0.40219.1
Project("{FAE04EC0-301F-11D3-BF4B-00C04F79EFBC}") = "ArrayProject", "ArrayProject\ArrayProject.csproj", "{BB87DFAD-5611-428B-A3A7-D4E050C6F05D}"
EndProject
Project("{FAE04EC0-301F-11D3-BF4B-00C04F79EFBC}") = "Ascending", "Ascending\Ascending.csproj", "{7FF29ECE-E221-4263-8FEE-8FD60ACA1CEB}"
EndProject
Project("{FAE04EC0-301F-11D3-BF4B-00C04F79EFBC}") = "Inner Join", "Inner Join\Inner Join.csproj", "{5BFAB829-B525-4F93-A6E3-2ACDA7A902E7}"
EndProject
Project("{FAE04EC0-301F-11D3-BF4B-00C04F79EFBC}") = "Array", "Array\Array.csproj", "{0C9E1D3D-F96B-43A7-B8B2-DEA6D53AAA74}"
EndProject
Project("{FAE04EC0-301F-11D3-BF4B-00C04F79EFBC}") = "Collections", "Collections\Collections.csproj", "{5782549E-98A6-4222-935A-6D48377948DF}"
EndProject
Global
	GlobalSection(SolutionConfigurationPlatforms) = preSolution
		Debug|Any CPU = Debug|Any CPU
		Release|Any CPU = Release|Any CPU
	EndGlobalSection
	GlobalSection(ProjectConfigurationPlatforms) = postSolution
		{BB87DFAD-5611-428B-A3A7-D4E050C6F05D}.Debug|Any CPU.ActiveCfg = Debug|Any CPU
		{BB87DFAD-5611-428B-A3A7-D4E050C6F05D}.Debug|Any CPU.Build.0 = Debug|Any CPU
		{BB87DFAD-5611-428B-A3A7-D4E050C6F05D}.Release|Any CPU.ActiveCfg = Release|Any CPU
		{BB87DFAD-5611-428B-A3A7-D4E050C6F05D}.Release|Any CPU.Build.0 = Release|Any CPU
		{7FF29ECE-E221-4263-8FEE-8FD60ACA1CEB}.Debug|Any CPU.ActiveCfg = Debug|Any CPU
		{7FF29ECE-E221-4263-8FEE-8FD60ACA1CEB}.Debug|Any CPU.Build.0 = Debug|Any CPU
		{7FF29ECE-E221-4263-8FEE-8FD60ACA1CEB}.Release|Any CPU.ActiveCfg = Release|Any CPU
		{7FF29ECE-E221-4263-8FEE-8FD60ACA1CEB}.Release|Any CPU.Build.0 = Release|Any CPU
		{5BFAB829-B525-4F93-A6E3-2ACDA7A902E7}.Debug|Any CPU.ActiveCfg = Debug|Any CPU
		{5BFAB829-B525-4F93-A6E3-2ACDA7A902E7}.Debug|Any CPU.Build.0 = Debug|Any CPU
		{5BFAB829-B525-4F93-A6E3-2ACDA7A902E7}.Release|Any CPU.ActiveCfg = Release|Any CPU
		{5BFAB829-B525-4F93-A6E3-2ACDA7A902E7}.Release|Any CPU.Build.0 = Release|Any CPU
		{0C9E1D3D-F96B-43A7-B8B2-DEA6D53AAA74}.Debug|Any CPU.ActiveCfg = Debug|Any CPU
		{0C9E1D3D-F96B-43A7-B8B2-DEA6D53AAA74}.Debug|Any CPU.Build.0 = Debug|Any CPU
		{0C9E1D3D-F96B-43A7-B8B2-DEA6D53AAA74}.Release|Any CPU.ActiveCfg = Release|Any CPU
		{0C9E1D3D-F96B-43A7-B8B2-DEA6D53AAA74}.Release|Any CPU.Build.0 = Release|Any CPU
		{5782549E-98A6-4222-935A-6D48377948DF}.Debug|Any CPU.ActiveCfg = Debug|Any CPU
		{5782549E-98A6-4222-935A-6D48377948DF}.Debug|Any CPU.Build.0 = Debug|Any CPU
		{5782549E-98A6-4222-935A-6D48377948DF}.Release|Any CPU.ActiveCfg = Release|Any CPU
		{5782549E-98A6-4222-935A-6D48377948DF}.Release|Any CPU.Build.0 = Release|Any CPU
	EndGlobalSection
	GlobalSection(SolutionProperties) = preSolution
		HideSolutionNode = FALSE
	EndGlobalSection
	GlobalSection(ExtensibilityGlobals) = postSolution
		SolutionGuid = {960E836A-0ADF-4A22-A47C-E84A962206C0}
	EndGlobalSection
EndGlobal
